
Microsoft Visual Studio Solution File, Format Version 12.00
# Visual Studio Version 17
VisualStudioVersion = 17.11.35431.28
MinimumVisualStudioVersion = 10.0.40219.1
Project("{FAE04EC0-301F-11D3-BF4B-00C04F79EFBC}") = "WebDriverPractice", "WebDriverPractice\WebDriverPractice.csproj", "{B16EFA4F-5D7D-4105-8D62-D4523A538008}"
EndProject
Global
	GlobalSection(SolutionConfigurationPlatforms) = preSolution
		Debug|Any CPU = Debug|Any CPU
		Release|Any CPU = Release|Any CPU
	EndGlobalSection
	GlobalSection(ProjectConfigurationPlatforms) = postSolution
		{B16EFA4F-5D7D-4105-8D62-D4523A538008}.Debug|Any CPU.ActiveCfg = Debug|Any CPU
		{B16EFA4F-5D7D-4105-8D62-D4523A538008}.Debug|Any CPU.Build.0 = Debug|Any CPU
		{B16EFA4F-5D7D-4105-8D62-D4523A538008}.Release|Any CPU.ActiveCfg = Release|Any CPU
		{B16EFA4F-5D7D-4105-8D62-D4523A538008}.Release|Any CPU.Build.0 = Release|Any CPU
	EndGlobalSection
	GlobalSection(SolutionProperties) = preSolution
		HideSolutionNode = FALSE
	EndGlobalSection
	GlobalSection(ExtensibilityGlobals) = postSolution
		SolutionGuid = {052BB6DF-5F91-4D54-8E35-24F230891F82}
	EndGlobalSection
EndGlobal
